// !$*UTF8*$!
{
	archiveVersion = 1;
	classes = {
	};
	objectVersion = 50;
	objects = {

/* Begin PBXBuildFile section */
		253B945021DD3ADE00342ECF /* AppDelegate.swift in Sources */ = {isa = PBXBuildFile; fileRef = 253B944F21DD3ADE00342ECF /* AppDelegate.swift */; };
		253B945221DD3ADE00342ECF /* ViewController.swift in Sources */ = {isa = PBXBuildFile; fileRef = 253B945121DD3ADE00342ECF /* ViewController.swift */; };
		253B945521DD3ADE00342ECF /* Main.storyboard in Resources */ = {isa = PBXBuildFile; fileRef = 253B945321DD3ADE00342ECF /* Main.storyboard */; };
		253B945721DD3AE200342ECF /* Assets.xcassets in Resources */ = {isa = PBXBuildFile; fileRef = 253B945621DD3AE200342ECF /* Assets.xcassets */; };
		253B945A21DD3AE200342ECF /* LaunchScreen.storyboard in Resources */ = {isa = PBXBuildFile; fileRef = 253B945821DD3AE200342ECF /* LaunchScreen.storyboard */; };
		253B946521DD3AE200342ECF /* JournalTests.swift in Sources */ = {isa = PBXBuildFile; fileRef = 253B946421DD3AE200342ECF /* JournalTests.swift */; };
		253B947021DD3AE200342ECF /* JournalUITests.swift in Sources */ = {isa = PBXBuildFile; fileRef = 253B946F21DD3AE200342ECF /* JournalUITests.swift */; };
		253B947E21DD3B6A00342ECF /* Task.swift in Sources */ = {isa = PBXBuildFile; fileRef = 253B947D21DD3B6A00342ECF /* Task.swift */; };
		253B948021DD3E8200342ECF /* DataManager.swift in Sources */ = {isa = PBXBuildFile; fileRef = 253B947F21DD3E8200342ECF /* DataManager.swift */; };
/* End PBXBuildFile section */

/* Begin PBXContainerItemProxy section */
		253B946121DD3AE200342ECF /* PBXContainerItemProxy */ = {
			isa = PBXContainerItemProxy;
			containerPortal = 253B944421DD3ADE00342ECF /* Project object */;
			proxyType = 1;
			remoteGlobalIDString = 253B944B21DD3ADE00342ECF;
			remoteInfo = Journal;
		};
		253B946C21DD3AE200342ECF /* PBXContainerItemProxy */ = {
			isa = PBXContainerItemProxy;
			containerPortal = 253B944421DD3ADE00342ECF /* Project object */;
			proxyType = 1;
			remoteGlobalIDString = 253B944B21DD3ADE00342ECF;
			remoteInfo = Journal;
		};
/* End PBXContainerItemProxy section */

/* Begin PBXFileReference section */
		253B944C21DD3ADE00342ECF /* Journal.app */ = {isa = PBXFileReference; explicitFileType = wrapper.application; includeInIndex = 0; path = Journal.app; sourceTree = BUILT_PRODUCTS_DIR; };
		253B944F21DD3ADE00342ECF /* AppDelegate.swift */ = {isa = PBXFileReference; lastKnownFileType = sourcecode.swift; path = AppDelegate.swift; sourceTree = "<group>"; };
		253B945121DD3ADE00342ECF /* ViewController.swift */ = {isa = PBXFileReference; lastKnownFileType = sourcecode.swift; path = ViewController.swift; sourceTree = "<group>"; };
		253B945421DD3ADE00342ECF /* Base */ = {isa = PBXFileReference; lastKnownFileType = file.storyboard; name = Base; path = Base.lproj/Main.storyboard; sourceTree = "<group>"; };
		253B945621DD3AE200342ECF /* Assets.xcassets */ = {isa = PBXFileReference; lastKnownFileType = folder.assetcatalog; path = Assets.xcassets; sourceTree = "<group>"; };
		253B945921DD3AE200342ECF /* Base */ = {isa = PBXFileReference; lastKnownFileType = file.storyboard; name = Base; path = Base.lproj/LaunchScreen.storyboard; sourceTree = "<group>"; };
		253B945B21DD3AE200342ECF /* Info.plist */ = {isa = PBXFileReference; lastKnownFileType = text.plist.xml; path = Info.plist; sourceTree = "<group>"; };
		253B946021DD3AE200342ECF /* JournalTests.xctest */ = {isa = PBXFileReference; explicitFileType = wrapper.cfbundle; includeInIndex = 0; path = JournalTests.xctest; sourceTree = BUILT_PRODUCTS_DIR; };
		253B946421DD3AE200342ECF /* JournalTests.swift */ = {isa = PBXFileReference; lastKnownFileType = sourcecode.swift; path = JournalTests.swift; sourceTree = "<group>"; };
		253B946621DD3AE200342ECF /* Info.plist */ = {isa = PBXFileReference; lastKnownFileType = text.plist.xml; path = Info.plist; sourceTree = "<group>"; };
		253B946B21DD3AE200342ECF /* JournalUITests.xctest */ = {isa = PBXFileReference; explicitFileType = wrapper.cfbundle; includeInIndex = 0; path = JournalUITests.xctest; sourceTree = BUILT_PRODUCTS_DIR; };
		253B946F21DD3AE200342ECF /* JournalUITests.swift */ = {isa = PBXFileReference; lastKnownFileType = sourcecode.swift; path = JournalUITests.swift; sourceTree = "<group>"; };
		253B947121DD3AE200342ECF /* Info.plist */ = {isa = PBXFileReference; lastKnownFileType = text.plist.xml; path = Info.plist; sourceTree = "<group>"; };
		253B947D21DD3B6A00342ECF /* Task.swift */ = {isa = PBXFileReference; lastKnownFileType = sourcecode.swift; path = Task.swift; sourceTree = "<group>"; };
		253B947F21DD3E8200342ECF /* DataManager.swift */ = {isa = PBXFileReference; lastKnownFileType = sourcecode.swift; path = DataManager.swift; sourceTree = "<group>"; };
/* End PBXFileReference section */

/* Begin PBXFrameworksBuildPhase section */
		253B944921DD3ADE00342ECF /* Frameworks */ = {
			isa = PBXFrameworksBuildPhase;
			buildActionMask = 2147483647;
			files = (
			);
			runOnlyForDeploymentPostprocessing = 0;
		};
		253B945D21DD3AE200342ECF /* Frameworks */ = {
			isa = PBXFrameworksBuildPhase;
			buildActionMask = 2147483647;
			files = (
			);
			runOnlyForDeploymentPostprocessing = 0;
		};
		253B946821DD3AE200342ECF /* Frameworks */ = {
			isa = PBXFrameworksBuildPhase;
			buildActionMask = 2147483647;
			files = (
			);
			runOnlyForDeploymentPostprocessing = 0;
		};
/* End PBXFrameworksBuildPhase section */

/* Begin PBXGroup section */
		253B944321DD3ADE00342ECF = {
			isa = PBXGroup;
			children = (
				253B944E21DD3ADE00342ECF /* Journal */,
				253B946321DD3AE200342ECF /* JournalTests */,
				253B946E21DD3AE200342ECF /* JournalUITests */,
				253B944D21DD3ADE00342ECF /* Products */,
			);
			sourceTree = "<group>";
		};
		253B944D21DD3ADE00342ECF /* Products */ = {
			isa = PBXGroup;
			children = (
				253B944C21DD3ADE00342ECF /* Journal.app */,
				253B946021DD3AE200342ECF /* JournalTests.xctest */,
				253B946B21DD3AE200342ECF /* JournalUITests.xctest */,
			);
			name = Products;
			sourceTree = "<group>";
		};
		253B944E21DD3ADE00342ECF /* Journal */ = {
			isa = PBXGroup;
			children = (
				253B944F21DD3ADE00342ECF /* AppDelegate.swift */,
				253B947D21DD3B6A00342ECF /* Task.swift */,
				253B945121DD3ADE00342ECF /* ViewController.swift */,
				253B947F21DD3E8200342ECF /* DataManager.swift */,
				253B945321DD3ADE00342ECF /* Main.storyboard */,
				253B945621DD3AE200342ECF /* Assets.xcassets */,
				253B945821DD3AE200342ECF /* LaunchScreen.storyboard */,
				253B945B21DD3AE200342ECF /* Info.plist */,
			);
			path = Journal;
			sourceTree = "<group>";
		};
		253B946321DD3AE200342ECF /* JournalTests */ = {
			isa = PBXGroup;
			children = (
				253B946421DD3AE200342ECF /* JournalTests.swift */,
				253B946621DD3AE200342ECF /* Info.plist */,
			);
			path = JournalTests;
			sourceTree = "<group>";
		};
		253B946E21DD3AE200342ECF /* JournalUITests */ = {
			isa = PBXGroup;
			children = (
				253B946F21DD3AE200342ECF /* JournalUITests.swift */,
				253B947121DD3AE200342ECF /* Info.plist */,
			);
			path = JournalUITests;
			sourceTree = "<group>";
		};
/* End PBXGroup section */

/* Begin PBXNativeTarget section */
		253B944B21DD3ADE00342ECF /* Journal */ = {
			isa = PBXNativeTarget;
			buildConfigurationList = 253B947421DD3AE200342ECF /* Build configuration list for PBXNativeTarget "Journal" */;
			buildPhases = (
				253B944821DD3ADE00342ECF /* Sources */,
				253B944921DD3ADE00342ECF /* Frameworks */,
				253B944A21DD3ADE00342ECF /* Resources */,
			);
			buildRules = (
			);
			dependencies = (
			);
			name = Journal;
			productName = Journal;
			productReference = 253B944C21DD3ADE00342ECF /* Journal.app */;
			productType = "com.apple.product-type.application";
		};
		253B945F21DD3AE200342ECF /* JournalTests */ = {
			isa = PBXNativeTarget;
			buildConfigurationList = 253B947721DD3AE200342ECF /* Build configuration list for PBXNativeTarget "JournalTests" */;
			buildPhases = (
				253B945C21DD3AE200342ECF /* Sources */,
				253B945D21DD3AE200342ECF /* Frameworks */,
				253B945E21DD3AE200342ECF /* Resources */,
			);
			buildRules = (
			);
			dependencies = (
				253B946221DD3AE200342ECF /* PBXTargetDependency */,
			);
			name = JournalTests;
			productName = JournalTests;
			productReference = 253B946021DD3AE200342ECF /* JournalTests.xctest */;
			productType = "com.apple.product-type.bundle.unit-test";
		};
		253B946A21DD3AE200342ECF /* JournalUITests */ = {
			isa = PBXNativeTarget;
			buildConfigurationList = 253B947A21DD3AE200342ECF /* Build configuration list for PBXNativeTarget "JournalUITests" */;
			buildPhases = (
				253B946721DD3AE200342ECF /* Sources */,
				253B946821DD3AE200342ECF /* Frameworks */,
				253B946921DD3AE200342ECF /* Resources */,
			);
			buildRules = (
			);
			dependencies = (
				253B946D21DD3AE200342ECF /* PBXTargetDependency */,
			);
			name = JournalUITests;
			productName = JournalUITests;
			productReference = 253B946B21DD3AE200342ECF /* JournalUITests.xctest */;
			productType = "com.apple.product-type.bundle.ui-testing";
		};
/* End PBXNativeTarget section */

/* Begin PBXProject section */
		253B944421DD3ADE00342ECF /* Project object */ = {
			isa = PBXProject;
			attributes = {
				LastSwiftUpdateCheck = 1010;
				LastUpgradeCheck = 1010;
				ORGANIZATIONNAME = "Andi Xiong";
				TargetAttributes = {
					253B944B21DD3ADE00342ECF = {
						CreatedOnToolsVersion = 10.1;
					};
					253B945F21DD3AE200342ECF = {
						CreatedOnToolsVersion = 10.1;
						TestTargetID = 253B944B21DD3ADE00342ECF;
					};
					253B946A21DD3AE200342ECF = {
						CreatedOnToolsVersion = 10.1;
						TestTargetID = 253B944B21DD3ADE00342ECF;
					};
				};
			};
			buildConfigurationList = 253B944721DD3ADE00342ECF /* Build configuration list for PBXProject "Journal" */;
			compatibilityVersion = "Xcode 9.3";
			developmentRegion = en;
			hasScannedForEncodings = 0;
			knownRegions = (
				en,
				Base,
			);
			mainGroup = 253B944321DD3ADE00342ECF;
			productRefGroup = 253B944D21DD3ADE00342ECF /* Products */;
			projectDirPath = "";
			projectRoot = "";
			targets = (
				253B944B21DD3ADE00342ECF /* Journal */,
				253B945F21DD3AE200342ECF /* JournalTests */,
				253B946A21DD3AE200342ECF /* JournalUITests */,
			);
		};
/* End PBXProject section */

/* Begin PBXResourcesBuildPhase section */
		253B944A21DD3ADE00342ECF /* Resources */ = {
			isa = PBXResourcesBuildPhase;
			buildActionMask = 2147483647;
			files = (
				253B945A21DD3AE200342ECF /* LaunchScreen.storyboard in Resources */,
				253B945721DD3AE200342ECF /* Assets.xcassets in Resources */,
				253B945521DD3ADE00342ECF /* Main.storyboard in Resources */,
			);
			runOnlyForDeploymentPostprocessing = 0;
		};
		253B945E21DD3AE200342ECF /* Resources */ = {
			isa = PBXResourcesBuildPhase;
			buildActionMask = 2147483647;
			files = (
			);
			runOnlyForDeploymentPostprocessing = 0;
		};
		253B946921DD3AE200342ECF /* Resources */ = {
			isa = PBXResourcesBuildPhase;
			buildActionMask = 2147483647;
			files = (
			);
			runOnlyForDeploymentPostprocessing = 0;
		};
/* End PBXResourcesBuildPhase section */

/* Begin PBXSourcesBuildPhase section */
		253B944821DD3ADE00342ECF /* Sources */ = {
			isa = PBXSourcesBuildPhase;
			buildActionMask = 2147483647;
			files = (
				253B945221DD3ADE00342ECF /* ViewController.swift in Sources */,
				253B948021DD3E8200342ECF /* DataManager.swift in Sources */,
				253B947E21DD3B6A00342ECF /* Task.swift in Sources */,
				253B945021DD3ADE00342ECF /* AppDelegate.swift in Sources */,
			);
			runOnlyForDeploymentPostprocessing = 0;
		};
		253B945C21DD3AE200342ECF /* Sources */ = {
			isa = PBXSourcesBuildPhase;
			buildActionMask = 2147483647;
			files = (
				253B946521DD3AE200342ECF /* JournalTests.swift in Sources */,
			);
			runOnlyForDeploymentPostprocessing = 0;
		};
		253B946721DD3AE200342ECF /* Sources */ = {
			isa = PBXSourcesBuildPhase;
			buildActionMask = 2147483647;
			files = (
				253B947021DD3AE200342ECF /* JournalUITests.swift in Sources */,
			);
			runOnlyForDeploymentPostprocessing = 0;
		};
/* End PBXSourcesBuildPhase section */

/* Begin PBXTargetDependency section */
		253B946221DD3AE200342ECF /* PBXTargetDependency */ = {
			isa = PBXTargetDependency;
			target = 253B944B21DD3ADE00342ECF /* Journal */;
			targetProxy = 253B946121DD3AE200342ECF /* PBXContainerItemProxy */;
		};
		253B946D21DD3AE200342ECF /* PBXTargetDependency */ = {
			isa = PBXTargetDependency;
			target = 253B944B21DD3ADE00342ECF /* Journal */;
			targetProxy = 253B946C21DD3AE200342ECF /* PBXContainerItemProxy */;
		};
/* End PBXTargetDependency section */

/* Begin PBXVariantGroup section */
		253B945321DD3ADE00342ECF /* Main.storyboard */ = {
			isa = PBXVariantGroup;
			children = (
				253B945421DD3ADE00342ECF /* Base */,
			);
			name = Main.storyboard;
			sourceTree = "<group>";
		};
		253B945821DD3AE200342ECF /* LaunchScreen.storyboard */ = {
			isa = PBXVariantGroup;
			children = (
				253B945921DD3AE200342ECF /* Base */,
			);
			name = LaunchScreen.storyboard;
			sourceTree = "<group>";
		};
/* End PBXVariantGroup section */

/* Begin XCBuildConfiguration section */
		253B947221DD3AE200342ECF /* Debug */ = {
			isa = XCBuildConfiguration;
			buildSettings = {
				ALWAYS_SEARCH_USER_PATHS = NO;
				CLANG_ANALYZER_NONNULL = YES;
				CLANG_ANALYZER_NUMBER_OBJECT_CONVERSION = YES_AGGRESSIVE;
				CLANG_CXX_LANGUAGE_STANDARD = "gnu++14";
				CLANG_CXX_LIBRARY = "libc++";
				CLANG_ENABLE_MODULES = YES;
				CLANG_ENABLE_OBJC_ARC = YES;
				CLANG_ENABLE_OBJC_WEAK = YES;
				CLANG_WARN_BLOCK_CAPTURE_AUTORELEASING = YES;
				CLANG_WARN_BOOL_CONVERSION = YES;
				CLANG_WARN_COMMA = YES;
				CLANG_WARN_CONSTANT_CONVERSION = YES;
				CLANG_WARN_DEPRECATED_OBJC_IMPLEMENTATIONS = YES;
				CLANG_WARN_DIRECT_OBJC_ISA_USAGE = YES_ERROR;
				CLANG_WARN_DOCUMENTATION_COMMENTS = YES;
				CLANG_WARN_EMPTY_BODY = YES;
				CLANG_WARN_ENUM_CONVERSION = YES;
				CLANG_WARN_INFINITE_RECURSION = YES;
				CLANG_WARN_INT_CONVERSION = YES;
				CLANG_WARN_NON_LITERAL_NULL_CONVERSION = YES;
				CLANG_WARN_OBJC_IMPLICIT_RETAIN_SELF = YES;
				CLANG_WARN_OBJC_LITERAL_CONVERSION = YES;
				CLANG_WARN_OBJC_ROOT_CLASS = YES_ERROR;
				CLANG_WARN_RANGE_LOOP_ANALYSIS = YES;
				CLANG_WARN_STRICT_PROTOTYPES = YES;
				CLANG_WARN_SUSPICIOUS_MOVE = YES;
				CLANG_WARN_UNGUARDED_AVAILABILITY = YES_AGGRESSIVE;
				CLANG_WARN_UNREACHABLE_CODE = YES;
				CLANG_WARN__DUPLICATE_METHOD_MATCH = YES;
				CODE_SIGN_IDENTITY = "iPhone Developer";
				COPY_PHASE_STRIP = NO;
				DEBUG_INFORMATION_FORMAT = dwarf;
				ENABLE_STRICT_OBJC_MSGSEND = YES;
				ENABLE_TESTABILITY = YES;
				GCC_C_LANGUAGE_STANDARD = gnu11;
				GCC_DYNAMIC_NO_PIC = NO;
				GCC_NO_COMMON_BLOCKS = YES;
				GCC_OPTIMIZATION_LEVEL = 0;
				GCC_PREPROCESSOR_DEFINITIONS = (
					"DEBUG=1",
					"$(inherited)",
				);
				GCC_WARN_64_TO_32_BIT_CONVERSION = YES;
				GCC_WARN_ABOUT_RETURN_TYPE = YES_ERROR;
				GCC_WARN_UNDECLARED_SELECTOR = YES;
				GCC_WARN_UNINITIALIZED_AUTOS = YES_AGGRESSIVE;
				GCC_WARN_UNUSED_FUNCTION = YES;
				GCC_WARN_UNUSED_VARIABLE = YES;
				IPHONEOS_DEPLOYMENT_TARGET = 12.1;
				MTL_ENABLE_DEBUG_INFO = INCLUDE_SOURCE;
				MTL_FAST_MATH = YES;
				ONLY_ACTIVE_ARCH = YES;
				SDKROOT = iphoneos;
				SWIFT_ACTIVE_COMPILATION_CONDITIONS = DEBUG;
				SWIFT_OPTIMIZATION_LEVEL = "-Onone";
			};
			name = Debug;
		};
		253B947321DD3AE200342ECF /* Release */ = {
			isa = XCBuildConfiguration;
			buildSettings = {
				ALWAYS_SEARCH_USER_PATHS = NO;
				CLANG_ANALYZER_NONNULL = YES;
				CLANG_ANALYZER_NUMBER_OBJECT_CONVERSION = YES_AGGRESSIVE;
				CLANG_CXX_LANGUAGE_STANDARD = "gnu++14";
				CLANG_CXX_LIBRARY = "libc++";
				CLANG_ENABLE_MODULES = YES;
				CLANG_ENABLE_OBJC_ARC = YES;
				CLANG_ENABLE_OBJC_WEAK = YES;
				CLANG_WARN_BLOCK_CAPTURE_AUTORELEASING = YES;
				CLANG_WARN_BOOL_CONVERSION = YES;
				CLANG_WARN_COMMA = YES;
				CLANG_WARN_CONSTANT_CONVERSION = YES;
				CLANG_WARN_DEPRECATED_OBJC_IMPLEMENTATIONS = YES;
				CLANG_WARN_DIRECT_OBJC_ISA_USAGE = YES_ERROR;
				CLANG_WARN_DOCUMENTATION_COMMENTS = YES;
				CLANG_WARN_EMPTY_BODY = YES;
				CLANG_WARN_ENUM_CONVERSION = YES;
				CLANG_WARN_INFINITE_RECURSION = YES;
				CLANG_WARN_INT_CONVERSION = YES;
				CLANG_WARN_NON_LITERAL_NULL_CONVERSION = YES;
				CLANG_WARN_OBJC_IMPLICIT_RETAIN_SELF = YES;
				CLANG_WARN_OBJC_LITERAL_CONVERSION = YES;
				CLANG_WARN_OBJC_ROOT_CLASS = YES_ERROR;
				CLANG_WARN_RANGE_LOOP_ANALYSIS = YES;
				CLANG_WARN_STRICT_PROTOTYPES = YES;
				CLANG_WARN_SUSPICIOUS_MOVE = YES;
				CLANG_WARN_UNGUARDED_AVAILABILITY = YES_AGGRESSIVE;
				CLANG_WARN_UNREACHABLE_CODE = YES;
				CLANG_WARN__DUPLICATE_METHOD_MATCH = YES;
				CODE_SIGN_IDENTITY = "iPhone Developer";
				COPY_PHASE_STRIP = NO;
				DEBUG_INFORMATION_FORMAT = "dwarf-with-dsym";
				ENABLE_NS_ASSERTIONS = NO;
				ENABLE_STRICT_OBJC_MSGSEND = YES;
				GCC_C_LANGUAGE_STANDARD = gnu11;
				GCC_NO_COMMON_BLOCKS = YES;
				GCC_WARN_64_TO_32_BIT_CONVERSION = YES;
				GCC_WARN_ABOUT_RETURN_TYPE = YES_ERROR;
				GCC_WARN_UNDECLARED_SELECTOR = YES;
				GCC_WARN_UNINITIALIZED_AUTOS = YES_AGGRESSIVE;
				GCC_WARN_UNUSED_FUNCTION = YES;
				GCC_WARN_UNUSED_VARIABLE = YES;
				IPHONEOS_DEPLOYMENT_TARGET = 12.1;
				MTL_ENABLE_DEBUG_INFO = NO;
				MTL_FAST_MATH = YES;
				SDKROOT = iphoneos;
				SWIFT_COMPILATION_MODE = wholemodule;
				SWIFT_OPTIMIZATION_LEVEL = "-O";
				VALIDATE_PRODUCT = YES;
			};
			name = Release;
		};
		253B947521DD3AE200342ECF /* Debug */ = {
			isa = XCBuildConfiguration;
			buildSettings = {
				ASSETCATALOG_COMPILER_APPICON_NAME = AppIcon;
				CODE_SIGN_STYLE = Automatic;
				INFOPLIST_FILE = Journal/Info.plist;
				LD_RUNPATH_SEARCH_PATHS = (
					"$(inherited)",
					"@executable_path/Frameworks",
				);
				PRODUCT_BUNDLE_IDENTIFIER = andixiong.Journal;
				PRODUCT_NAME = "$(TARGET_NAME)";
				SWIFT_VERSION = 4.2;
				TARGETED_DEVICE_FAMILY = "1,2";
			};
			name = Debug;
		};
		253B947621DD3AE200342ECF /* Release */ = {
			isa = XCBuildConfiguration;
			buildSettings = {
				ASSETCATALOG_COMPILER_APPICON_NAME = AppIcon;
				CODE_SIGN_STYLE = Automatic;
				INFOPLIST_FILE = Journal/Info.plist;
				LD_RUNPATH_SEARCH_PATHS = (
					"$(inherited)",
					"@executable_path/Frameworks",
				);
				PRODUCT_BUNDLE_IDENTIFIER = andixiong.Journal;
				PRODUCT_NAME = "$(TARGET_NAME)";
				SWIFT_VERSION = 4.2;
				TARGETED_DEVICE_FAMILY = "1,2";
			};
			name = Release;
		};
		253B947821DD3AE200342ECF /* Debug */ = {
			isa = XCBuildConfiguration;
			buildSettings = {
				ALWAYS_EMBED_SWIFT_STANDARD_LIBRARIES = YES;
				BUNDLE_LOADER = "$(TEST_HOST)";
				CODE_SIGN_STYLE = Automatic;
				INFOPLIST_FILE = JournalTests/Info.plist;
				LD_RUNPATH_SEARCH_PATHS = (
					"$(inherited)",
					"@executable_path/Frameworks",
					"@loader_path/Frameworks",
				);
				PRODUCT_BUNDLE_IDENTIFIER = andixiong.JournalTests;
				PRODUCT_NAME = "$(TARGET_NAME)";
				SWIFT_VERSION = 4.2;
				TARGETED_DEVICE_FAMILY = "1,2";
				TEST_HOST = "$(BUILT_PRODUCTS_DIR)/Journal.app/Journal";
			};
			name = Debug;
		};
		253B947921DD3AE200342ECF /* Release */ = {
			isa = XCBuildConfiguration;
			buildSettings = {
				ALWAYS_EMBED_SWIFT_STANDARD_LIBRARIES = YES;
				BUNDLE_LOADER = "$(TEST_HOST)";
				CODE_SIGN_STYLE = Automatic;
				INFOPLIST_FILE = JournalTests/Info.plist;
				LD_RUNPATH_SEARCH_PATHS = (
					"$(inherited)",
					"@executable_path/Frameworks",
					"@loader_path/Frameworks",
				);
				PRODUCT_BUNDLE_IDENTIFIER = andixiong.JournalTests;
				PRODUCT_NAME = "$(TARGET_NAME)";
				SWIFT_VERSION = 4.2;
				TARGETED_DEVICE_FAMILY = "1,2";
				TEST_HOST = "$(BUILT_PRODUCTS_DIR)/Journal.app/Journal";
			};
			name = Release;
		};
		253B947B21DD3AE200342ECF /* Debug */ = {
			isa = XCBuildConfiguration;
			buildSettings = {
				ALWAYS_EMBED_SWIFT_STANDARD_LIBRARIES = YES;
				CODE_SIGN_STYLE = Automatic;
				INFOPLIST_FILE = JournalUITests/Info.plist;
				LD_RUNPATH_SEARCH_PATHS = (
					"$(inherited)",
					"@executable_path/Frameworks",
					"@loader_path/Frameworks",
				);
				PRODUCT_BUNDLE_IDENTIFIER = andixiong.JournalUITests;
				PRODUCT_NAME = "$(TARGET_NAME)";
				SWIFT_VERSION = 4.2;
				TARGETED_DEVICE_FAMILY = "1,2";
				TEST_TARGET_NAME = Journal;
			};
			name = Debug;
		};
		253B947C21DD3AE200342ECF /* Release */ = {
			isa = XCBuildConfiguration;
			buildSettings = {
				ALWAYS_EMBED_SWIFT_STANDARD_LIBRARIES = YES;
				CODE_SIGN_STYLE = Automatic;
				INFOPLIST_FILE = JournalUITests/Info.plist;
				LD_RUNPATH_SEARCH_PATHS = (
					"$(inherited)",
					"@executable_path/Frameworks",
					"@loader_path/Frameworks",
				);
				PRODUCT_BUNDLE_IDENTIFIER = andixiong.JournalUITests;
				PRODUCT_NAME = "$(TARGET_NAME)";
				SWIFT_VERSION = 4.2;
				TARGETED_DEVICE_FAMILY = "1,2";
				TEST_TARGET_NAME = Journal;
			};
			name = Release;
		};
/* End XCBuildConfiguration section */

/* Begin XCConfigurationList section */
		253B944721DD3ADE00342ECF /* Build configuration list for PBXProject "Journal" */ = {
			isa = XCConfigurationList;
			buildConfigurations = (
				253B947221DD3AE200342ECF /* Debug */,
				253B947321DD3AE200342ECF /* Release */,
			);
			defaultConfigurationIsVisible = 0;
			defaultConfigurationName = Release;
		};
		253B947421DD3AE200342ECF /* Build configuration list for PBXNativeTarget "Journal" */ = {
			isa = XCConfigurationList;
			buildConfigurations = (
				253B947521DD3AE200342ECF /* Debug */,
				253B947621DD3AE200342ECF /* Release */,
			);
			defaultConfigurationIsVisible = 0;
			defaultConfigurationName = Release;
		};
		253B947721DD3AE200342ECF /* Build configuration list for PBXNativeTarget "JournalTests" */ = {
			isa = XCConfigurationList;
			buildConfigurations = (
				253B947821DD3AE200342ECF /* Debug */,
				253B947921DD3AE200342ECF /* Release */,
			);
			defaultConfigurationIsVisible = 0;
			defaultConfigurationName = Release;
		};
		253B947A21DD3AE200342ECF /* Build configuration list for PBXNativeTarget "JournalUITests" */ = {
			isa = XCConfigurationList;
			buildConfigurations = (
				253B947B21DD3AE200342ECF /* Debug */,
				253B947C21DD3AE200342ECF /* Release */,
			);
			defaultConfigurationIsVisible = 0;
			defaultConfigurationName = Release;
		};
/* End XCConfigurationList section */
	};
	rootObject = 253B944421DD3ADE00342ECF /* Project object */;
}
